
Microsoft Visual Studio Solution File, Format Version 12.00
# Visual Studio Version 17
VisualStudioVersion = 17.5.33502.453
MinimumVisualStudioVersion = 10.0.40219.1
Project("{9A19103F-16F7-4668-BE54-9A1E7A4F7556}") = "PbettiLab.AlgorithmicToolbox.Console", "PbettiLab.AlgorithmicToolbox.Console\PbettiLab.AlgorithmicToolbox.Console.csproj", "{D24E345C-CD50-4F0F-917B-29FD960E38E2}"
EndProject
Project("{9A19103F-16F7-4668-BE54-9A1E7A4F7556}") = "PbettiLab.AlgorithmicToolbox.Logic", "PbettiLab.AlgorithmicToolbox.Logic\PbettiLab.AlgorithmicToolbox.Logic.csproj", "{637DB426-2584-4929-93FE-09A1C230496B}"
EndProject
Project("{2150E333-8FDC-42A3-9474-1A3956D46DE8}") = "Tests", "Tests", "{9DB0EBF1-57BA-41E8-92F7-AB92E255F39F}"
EndProject
Project("{9A19103F-16F7-4668-BE54-9A1E7A4F7556}") = "PbettiLab.AlgorithmicToolbox.Logic.UnitTests", "Tests\PbettiLab.AlgorithmicToolbox.Logic.UnitTests\PbettiLab.AlgorithmicToolbox.Logic.UnitTests.csproj", "{2DF053CC-9FCB-4E9A-899A-96F5057723C3}"
EndProject
Global
	GlobalSection(SolutionConfigurationPlatforms) = preSolution
		Debug|Any CPU = Debug|Any CPU
		Release|Any CPU = Release|Any CPU
	EndGlobalSection
	GlobalSection(ProjectConfigurationPlatforms) = postSolution
		{D24E345C-CD50-4F0F-917B-29FD960E38E2}.Debug|Any CPU.ActiveCfg = Debug|Any CPU
		{D24E345C-CD50-4F0F-917B-29FD960E38E2}.Debug|Any CPU.Build.0 = Debug|Any CPU
		{D24E345C-CD50-4F0F-917B-29FD960E38E2}.Release|Any CPU.ActiveCfg = Release|Any CPU
		{D24E345C-CD50-4F0F-917B-29FD960E38E2}.Release|Any CPU.Build.0 = Release|Any CPU
		{637DB426-2584-4929-93FE-09A1C230496B}.Debug|Any CPU.ActiveCfg = Debug|Any CPU
		{637DB426-2584-4929-93FE-09A1C230496B}.Debug|Any CPU.Build.0 = Debug|Any CPU
		{637DB426-2584-4929-93FE-09A1C230496B}.Release|Any CPU.ActiveCfg = Release|Any CPU
		{637DB426-2584-4929-93FE-09A1C230496B}.Release|Any CPU.Build.0 = Release|Any CPU
		{2DF053CC-9FCB-4E9A-899A-96F5057723C3}.Debug|Any CPU.ActiveCfg = Debug|Any CPU
		{2DF053CC-9FCB-4E9A-899A-96F5057723C3}.Debug|Any CPU.Build.0 = Debug|Any CPU
		{2DF053CC-9FCB-4E9A-899A-96F5057723C3}.Release|Any CPU.ActiveCfg = Release|Any CPU
		{2DF053CC-9FCB-4E9A-899A-96F5057723C3}.Release|Any CPU.Build.0 = Release|Any CPU
	EndGlobalSection
	GlobalSection(SolutionProperties) = preSolution
		HideSolutionNode = FALSE
	EndGlobalSection
	GlobalSection(NestedProjects) = preSolution
		{2DF053CC-9FCB-4E9A-899A-96F5057723C3} = {9DB0EBF1-57BA-41E8-92F7-AB92E255F39F}
	EndGlobalSection
	GlobalSection(ExtensibilityGlobals) = postSolution
		SolutionGuid = {6897BB25-903C-4BC3-8C44-2BA7954E524B}
	EndGlobalSection
EndGlobal
